
Microsoft Visual Studio Solution File, Format Version 12.00
# Visual Studio Version 17
VisualStudioVersion = 17.6.33723.286
MinimumVisualStudioVersion = 10.0.40219.1
Project("{FAE04EC0-301F-11D3-BF4B-00C04F79EFBC}") = "OneClick", "OneClick\OneClick.csproj", "{10171875-8373-4BF4-B9F7-31AA33F08293}"
EndProject
Global
	GlobalSection(SolutionConfigurationPlatforms) = preSolution
		Debug|Any CPU = Debug|Any CPU
		Release|Any CPU = Release|Any CPU
	EndGlobalSection
	GlobalSection(ProjectConfigurationPlatforms) = postSolution
		{10171875-8373-4BF4-B9F7-31AA33F08293}.Debug|Any CPU.ActiveCfg = Debug|Any CPU
		{10171875-8373-4BF4-B9F7-31AA33F08293}.Debug|Any CPU.Build.0 = Debug|Any CPU
		{10171875-8373-4BF4-B9F7-31AA33F08293}.Release|Any CPU.ActiveCfg = Release|Any CPU
		{10171875-8373-4BF4-B9F7-31AA33F08293}.Release|Any CPU.Build.0 = Release|Any CPU
	EndGlobalSection
	GlobalSection(SolutionProperties) = preSolution
		HideSolutionNode = FALSE
	EndGlobalSection
	GlobalSection(ExtensibilityGlobals) = postSolution
		SolutionGuid = {9B450B6F-E9D7-4BB9-9F16-F900A0156155}
	EndGlobalSection
EndGlobal
